
Microsoft Visual Studio Solution File, Format Version 12.00
# Visual Studio Version 17
VisualStudioVersion = 17.9.34622.214
MinimumVisualStudioVersion = 10.0.40219.1
Project("{FAE04EC0-301F-11D3-BF4B-00C04F79EFBC}") = "Terra1.Server", "Terra1.Server\Terra1.Server.csproj", "{61328AE8-6B56-48DD-848F-85E604C530E3}"
EndProject
Project("{54A90642-561A-4BB1-A94E-469ADEE60C69}") = "terra1.client", "terra1.client\terra1.client.esproj", "{FB1C3247-1DF7-45E9-B3C7-D0E0DAF65BE2}"
EndProject
Global
	GlobalSection(SolutionConfigurationPlatforms) = preSolution
		Debug|Any CPU = Debug|Any CPU
		Release|Any CPU = Release|Any CPU
	EndGlobalSection
	GlobalSection(ProjectConfigurationPlatforms) = postSolution
		{61328AE8-6B56-48DD-848F-85E604C530E3}.Debug|Any CPU.ActiveCfg = Debug|Any CPU
		{61328AE8-6B56-48DD-848F-85E604C530E3}.Debug|Any CPU.Build.0 = Debug|Any CPU
		{61328AE8-6B56-48DD-848F-85E604C530E3}.Release|Any CPU.ActiveCfg = Release|Any CPU
		{61328AE8-6B56-48DD-848F-85E604C530E3}.Release|Any CPU.Build.0 = Release|Any CPU
		{FB1C3247-1DF7-45E9-B3C7-D0E0DAF65BE2}.Debug|Any CPU.ActiveCfg = Debug|Any CPU
		{FB1C3247-1DF7-45E9-B3C7-D0E0DAF65BE2}.Debug|Any CPU.Build.0 = Debug|Any CPU
		{FB1C3247-1DF7-45E9-B3C7-D0E0DAF65BE2}.Debug|Any CPU.Deploy.0 = Debug|Any CPU
		{FB1C3247-1DF7-45E9-B3C7-D0E0DAF65BE2}.Release|Any CPU.ActiveCfg = Release|Any CPU
		{FB1C3247-1DF7-45E9-B3C7-D0E0DAF65BE2}.Release|Any CPU.Build.0 = Release|Any CPU
		{FB1C3247-1DF7-45E9-B3C7-D0E0DAF65BE2}.Release|Any CPU.Deploy.0 = Release|Any CPU
	EndGlobalSection
	GlobalSection(SolutionProperties) = preSolution
		HideSolutionNode = FALSE
	EndGlobalSection
	GlobalSection(ExtensibilityGlobals) = postSolution
		SolutionGuid = {38E46886-EEC7-469A-9770-8C18962EB207}
	EndGlobalSection
EndGlobal
